// !$*UTF8*$!
{
	archiveVersion = 1;
	classes = {
	};
	objectVersion = 55;
	objects = {

/* Begin PBXBuildFile section */
		BC842A4A2739E7E2000CD7E7 /* WidgetKit.framework in Frameworks */ = {isa = PBXBuildFile; fileRef = BC842A492739E7E1000CD7E7 /* WidgetKit.framework */; };
		BC842A4C2739E7E2000CD7E7 /* SwiftUI.framework in Frameworks */ = {isa = PBXBuildFile; fileRef = BC842A4B2739E7E2000CD7E7 /* SwiftUI.framework */; };
		BC842A4F2739E7E2000CD7E7 /* EventTimes.swift in Sources */ = {isa = PBXBuildFile; fileRef = BC842A4E2739E7E2000CD7E7 /* EventTimes.swift */; };
		BC842A512739E809000CD7E7 /* Assets.xcassets in Resources */ = {isa = PBXBuildFile; fileRef = BC842A502739E809000CD7E7 /* Assets.xcassets */; };
		BC842A552739E809000CD7E7 /* EventTimesExtension.appex in Embed App Extensions */ = {isa = PBXBuildFile; fileRef = BC842A472739E7E1000CD7E7 /* EventTimesExtension.appex */; settings = {ATTRIBUTES = (RemoveHeadersOnCopy, ); }; };
		BCA5E96D2739A66100A41E73 /* EventsApp.swift in Sources */ = {isa = PBXBuildFile; fileRef = BCA5E96C2739A66100A41E73 /* EventsApp.swift */; };
		BCA5E96F2739A66100A41E73 /* ContentView.swift in Sources */ = {isa = PBXBuildFile; fileRef = BCA5E96E2739A66100A41E73 /* ContentView.swift */; };
		BCA5E9712739A66A00A41E73 /* Assets.xcassets in Resources */ = {isa = PBXBuildFile; fileRef = BCA5E9702739A66A00A41E73 /* Assets.xcassets */; };
		BCA5E9742739A66A00A41E73 /* Preview Assets.xcassets in Resources */ = {isa = PBXBuildFile; fileRef = BCA5E9732739A66A00A41E73 /* Preview Assets.xcassets */; };
/* End PBXBuildFile section */

/* Begin PBXContainerItemProxy section */
		BC842A532739E809000CD7E7 /* PBXContainerItemProxy */ = {
			isa = PBXContainerItemProxy;
			containerPortal = BCA5E9612739A66000A41E73 /* Project object */;
			proxyType = 1;
			remoteGlobalIDString = BC842A462739E7E1000CD7E7;
			remoteInfo = EventTimesExtension;
		};
/* End PBXContainerItemProxy section */

/* Begin PBXCopyFilesBuildPhase section */
		BC842A592739E809000CD7E7 /* Embed App Extensions */ = {
			isa = PBXCopyFilesBuildPhase;
			buildActionMask = 2147483647;
			dstPath = "";
			dstSubfolderSpec = 13;
			files = (
				BC842A552739E809000CD7E7 /* EventTimesExtension.appex in Embed App Extensions */,
			);
			name = "Embed App Extensions";
			runOnlyForDeploymentPostprocessing = 0;
		};
/* End PBXCopyFilesBuildPhase section */

/* Begin PBXFileReference section */
		BC842A472739E7E1000CD7E7 /* EventTimesExtension.appex */ = {isa = PBXFileReference; explicitFileType = "wrapper.app-extension"; includeInIndex = 0; path = EventTimesExtension.appex; sourceTree = BUILT_PRODUCTS_DIR; };
		BC842A492739E7E1000CD7E7 /* WidgetKit.framework */ = {isa = PBXFileReference; lastKnownFileType = wrapper.framework; name = WidgetKit.framework; path = System/Library/Frameworks/WidgetKit.framework; sourceTree = SDKROOT; };
		BC842A4B2739E7E2000CD7E7 /* SwiftUI.framework */ = {isa = PBXFileReference; lastKnownFileType = wrapper.framework; name = SwiftUI.framework; path = System/Library/Frameworks/SwiftUI.framework; sourceTree = SDKROOT; };
		BC842A4E2739E7E2000CD7E7 /* EventTimes.swift */ = {isa = PBXFileReference; lastKnownFileType = sourcecode.swift; path = EventTimes.swift; sourceTree = "<group>"; };
		BC842A502739E809000CD7E7 /* Assets.xcassets */ = {isa = PBXFileReference; lastKnownFileType = folder.assetcatalog; path = Assets.xcassets; sourceTree = "<group>"; };
		BC842A522739E809000CD7E7 /* Info.plist */ = {isa = PBXFileReference; lastKnownFileType = text.plist.xml; path = Info.plist; sourceTree = "<group>"; };
		BCA5E9692739A66000A41E73 /* Events.app */ = {isa = PBXFileReference; explicitFileType = wrapper.application; includeInIndex = 0; path = Events.app; sourceTree = BUILT_PRODUCTS_DIR; };
		BCA5E96C2739A66100A41E73 /* EventsApp.swift */ = {isa = PBXFileReference; lastKnownFileType = sourcecode.swift; path = EventsApp.swift; sourceTree = "<group>"; };
		BCA5E96E2739A66100A41E73 /* ContentView.swift */ = {isa = PBXFileReference; lastKnownFileType = sourcecode.swift; path = ContentView.swift; sourceTree = "<group>"; };
		BCA5E9702739A66A00A41E73 /* Assets.xcassets */ = {isa = PBXFileReference; lastKnownFileType = folder.assetcatalog; path = Assets.xcassets; sourceTree = "<group>"; };
		BCA5E9732739A66A00A41E73 /* Preview Assets.xcassets */ = {isa = PBXFileReference; lastKnownFileType = folder.assetcatalog; path = "Preview Assets.xcassets"; sourceTree = "<group>"; };
/* End PBXFileReference section */

/* Begin PBXFrameworksBuildPhase section */
		BC842A442739E7E1000CD7E7 /* Frameworks */ = {
			isa = PBXFrameworksBuildPhase;
			buildActionMask = 2147483647;
			files = (
				BC842A4C2739E7E2000CD7E7 /* SwiftUI.framework in Frameworks */,
				BC842A4A2739E7E2000CD7E7 /* WidgetKit.framework in Frameworks */,
			);
			runOnlyForDeploymentPostprocessing = 0;
		};
		BCA5E9662739A66000A41E73 /* Frameworks */ = {
			isa = PBXFrameworksBuildPhase;
			buildActionMask = 2147483647;
			files = (
			);
			runOnlyForDeploymentPostprocessing = 0;
		};
/* End PBXFrameworksBuildPhase section */

/* Begin PBXGroup section */
		BC842A482739E7E1000CD7E7 /* Frameworks */ = {
			isa = PBXGroup;
			children = (
				BC842A492739E7E1000CD7E7 /* WidgetKit.framework */,
				BC842A4B2739E7E2000CD7E7 /* SwiftUI.framework */,
			);
			name = Frameworks;
			sourceTree = "<group>";
		};
		BC842A4D2739E7E2000CD7E7 /* EventTimes */ = {
			isa = PBXGroup;
			children = (
				BC842A4E2739E7E2000CD7E7 /* EventTimes.swift */,
				BC842A502739E809000CD7E7 /* Assets.xcassets */,
				BC842A522739E809000CD7E7 /* Info.plist */,
			);
			path = EventTimes;
			sourceTree = "<group>";
		};
		BCA5E9602739A66000A41E73 = {
			isa = PBXGroup;
			children = (
				BCA5E96B2739A66000A41E73 /* Events */,
				BC842A4D2739E7E2000CD7E7 /* EventTimes */,
				BC842A482739E7E1000CD7E7 /* Frameworks */,
				BCA5E96A2739A66000A41E73 /* Products */,
			);
			sourceTree = "<group>";
		};
		BCA5E96A2739A66000A41E73 /* Products */ = {
			isa = PBXGroup;
			children = (
				BCA5E9692739A66000A41E73 /* Events.app */,
				BC842A472739E7E1000CD7E7 /* EventTimesExtension.appex */,
			);
			name = Products;
			sourceTree = "<group>";
		};
		BCA5E96B2739A66000A41E73 /* Events */ = {
			isa = PBXGroup;
			children = (
				BCA5E96C2739A66100A41E73 /* EventsApp.swift */,
				BCA5E96E2739A66100A41E73 /* ContentView.swift */,
				BCA5E9702739A66A00A41E73 /* Assets.xcassets */,
				BCA5E9722739A66A00A41E73 /* Preview Content */,
			);
			path = Events;
			sourceTree = "<group>";
		};
		BCA5E9722739A66A00A41E73 /* Preview Content */ = {
			isa = PBXGroup;
			children = (
				BCA5E9732739A66A00A41E73 /* Preview Assets.xcassets */,
			);
			path = "Preview Content";
			sourceTree = "<group>";
		};
/* End PBXGroup section */

/* Begin PBXNativeTarget section */
		BC842A462739E7E1000CD7E7 /* EventTimesExtension */ = {
			isa = PBXNativeTarget;
			buildConfigurationList = BC842A562739E809000CD7E7 /* Build configuration list for PBXNativeTarget "EventTimesExtension" */;
			buildPhases = (
				BC842A432739E7E1000CD7E7 /* Sources */,
				BC842A442739E7E1000CD7E7 /* Frameworks */,
				BC842A452739E7E1000CD7E7 /* Resources */,
			);
			buildRules = (
			);
			dependencies = (
			);
			name = EventTimesExtension;
			productName = EventTimesExtension;
			productReference = BC842A472739E7E1000CD7E7 /* EventTimesExtension.appex */;
			productType = "com.apple.product-type.app-extension";
		};
		BCA5E9682739A66000A41E73 /* Events */ = {
			isa = PBXNativeTarget;
			buildConfigurationList = BCA5E9772739A66A00A41E73 /* Build configuration list for PBXNativeTarget "Events" */;
			buildPhases = (
				BCA5E9652739A66000A41E73 /* Sources */,
				BCA5E9662739A66000A41E73 /* Frameworks */,
				BCA5E9672739A66000A41E73 /* Resources */,
				BC842A592739E809000CD7E7 /* Embed App Extensions */,
			);
			buildRules = (
			);
			dependencies = (
				BC842A542739E809000CD7E7 /* PBXTargetDependency */,
			);
			name = Events;
			productName = Events;
			productReference = BCA5E9692739A66000A41E73 /* Events.app */;
			productType = "com.apple.product-type.application";
		};
/* End PBXNativeTarget section */

/* Begin PBXProject section */
		BCA5E9612739A66000A41E73 /* Project object */ = {
			isa = PBXProject;
			attributes = {
				BuildIndependentTargetsInParallel = 1;
				LastSwiftUpdateCheck = 1310;
				LastUpgradeCheck = 1310;
				TargetAttributes = {
					BC842A462739E7E1000CD7E7 = {
						CreatedOnToolsVersion = 13.1;
					};
					BCA5E9682739A66000A41E73 = {
						CreatedOnToolsVersion = 13.1;
					};
				};
			};
			buildConfigurationList = BCA5E9642739A66000A41E73 /* Build configuration list for PBXProject "Events" */;
			compatibilityVersion = "Xcode 13.0";
			developmentRegion = en;
			hasScannedForEncodings = 0;
			knownRegions = (
				en,
				Base,
			);
			mainGroup = BCA5E9602739A66000A41E73;
			productRefGroup = BCA5E96A2739A66000A41E73 /* Products */;
			projectDirPath = "";
			projectRoot = "";
			targets = (
				BCA5E9682739A66000A41E73 /* Events */,
				BC842A462739E7E1000CD7E7 /* EventTimesExtension */,
			);
		};
/* End PBXProject section */

/* Begin PBXResourcesBuildPhase section */
		BC842A452739E7E1000CD7E7 /* Resources */ = {
			isa = PBXResourcesBuildPhase;
			buildActionMask = 2147483647;
			files = (
				BC842A512739E809000CD7E7 /* Assets.xcassets in Resources */,
			);
			runOnlyForDeploymentPostprocessing = 0;
		};
		BCA5E9672739A66000A41E73 /* Resources */ = {
			isa = PBXResourcesBuildPhase;
			buildActionMask = 2147483647;
			files = (
				BCA5E9742739A66A00A41E73 /* Preview Assets.xcassets in Resources */,
				BCA5E9712739A66A00A41E73 /* Assets.xcassets in Resources */,
			);
			runOnlyForDeploymentPostprocessing = 0;
		};
/* End PBXResourcesBuildPhase section */

/* Begin PBXSourcesBuildPhase section */
		BC842A432739E7E1000CD7E7 /* Sources */ = {
			isa = PBXSourcesBuildPhase;
			buildActionMask = 2147483647;
			files = (
				BC842A4F2739E7E2000CD7E7 /* EventTimes.swift in Sources */,
			);
			runOnlyForDeploymentPostprocessing = 0;
		};
		BCA5E9652739A66000A41E73 /* Sources */ = {
			isa = PBXSourcesBuildPhase;
			buildActionMask = 2147483647;
			files = (
				BCA5E96F2739A66100A41E73 /* ContentView.swift in Sources */,
				BCA5E96D2739A66100A41E73 /* EventsApp.swift in Sources */,
			);
			runOnlyForDeploymentPostprocessing = 0;
		};
/* End PBXSourcesBuildPhase section */

/* Begin PBXTargetDependency section */
		BC842A542739E809000CD7E7 /* PBXTargetDependency */ = {
			isa = PBXTargetDependency;
			target = BC842A462739E7E1000CD7E7 /* EventTimesExtension */;
			targetProxy = BC842A532739E809000CD7E7 /* PBXContainerItemProxy */;
		};
/* End PBXTargetDependency section */

/* Begin XCBuildConfiguration section */
		BC842A572739E809000CD7E7 /* Debug */ = {
			isa = XCBuildConfiguration;
			buildSettings = {
				ASSETCATALOG_COMPILER_GLOBAL_ACCENT_COLOR_NAME = AccentColor;
				ASSETCATALOG_COMPILER_WIDGET_BACKGROUND_COLOR_NAME = WidgetBackground;
				CODE_SIGN_STYLE = Automatic;
				CURRENT_PROJECT_VERSION = 1;
				DEVELOPMENT_TEAM = "";
				GENERATE_INFOPLIST_FILE = YES;
				INFOPLIST_FILE = EventTimes/Info.plist;
				INFOPLIST_KEY_CFBundleDisplayName = EventTimes;
				INFOPLIST_KEY_NSHumanReadableCopyright = "";
				IPHONEOS_DEPLOYMENT_TARGET = 14.6;
				LD_RUNPATH_SEARCH_PATHS = (
					"$(inherited)",
					"@executable_path/Frameworks",
					"@executable_path/../../Frameworks",
				);
				MARKETING_VERSION = 1.0;
				PRODUCT_BUNDLE_IDENTIFIER = com.yourdomain.Events.EventTimes;
				PRODUCT_NAME = "$(TARGET_NAME)";
				SKIP_INSTALL = YES;
				SWIFT_EMIT_LOC_STRINGS = YES;
				SWIFT_VERSION = 5.0;
				TARGETED_DEVICE_FAMILY = "1,2";
			};
			name = Debug;
		};
		BC842A582739E809000CD7E7 /* Release */ = {
			isa = XCBuildConfiguration;
			buildSettings = {
				ASSETCATALOG_COMPILER_GLOBAL_ACCENT_COLOR_NAME = AccentColor;
				ASSETCATALOG_COMPILER_WIDGET_BACKGROUND_COLOR_NAME = WidgetBackground;
				CODE_SIGN_STYLE = Automatic;
				CURRENT_PROJECT_VERSION = 1;
				DEVELOPMENT_TEAM = "";
				GENERATE_INFOPLIST_FILE = YES;
				INFOPLIST_FILE = EventTimes/Info.plist;
				INFOPLIST_KEY_CFBundleDisplayName = EventTimes;
				INFOPLIST_KEY_NSHumanReadableCopyright = "";
				IPHONEOS_DEPLOYMENT_TARGET = 14.6;
				LD_RUNPATH_SEARCH_PATHS = (
					"$(inherited)",
					"@executable_path/Frameworks",
					"@executable_path/../../Frameworks",
				);
				MARKETING_VERSION = 1.0;
				PRODUCT_BUNDLE_IDENTIFIER = com.yourdomain.Events.EventTimes;
				PRODUCT_NAME = "$(TARGET_NAME)";
				SKIP_INSTALL = YES;
				SWIFT_EMIT_LOC_STRINGS = YES;
				SWIFT_VERSION = 5.0;
				TARGETED_DEVICE_FAMILY = "1,2";
			};
			name = Release;
		};
		BCA5E9752739A66A00A41E73 /* Debug */ = {
			isa = XCBuildConfiguration;
			buildSettings = {
				ALWAYS_SEARCH_USER_PATHS = NO;
				CLANG_ANALYZER_NONNULL = YES;
				CLANG_ANALYZER_NUMBER_OBJECT_CONVERSION = YES_AGGRESSIVE;
				CLANG_CXX_LANGUAGE_STANDARD = "gnu++17";
				CLANG_CXX_LIBRARY = "libc++";
				CLANG_ENABLE_MODULES = YES;
				CLANG_ENABLE_OBJC_ARC = YES;
				CLANG_ENABLE_OBJC_WEAK = YES;
				CLANG_WARN_BLOCK_CAPTURE_AUTORELEASING = YES;
				CLANG_WARN_BOOL_CONVERSION = YES;
				CLANG_WARN_COMMA = YES;
				CLANG_WARN_CONSTANT_CONVERSION = YES;
				CLANG_WARN_DEPRECATED_OBJC_IMPLEMENTATIONS = YES;
				CLANG_WARN_DIRECT_OBJC_ISA_USAGE = YES_ERROR;
				CLANG_WARN_DOCUMENTATION_COMMENTS = YES;
				CLANG_WARN_EMPTY_BODY = YES;
				CLANG_WARN_ENUM_CONVERSION = YES;
				CLANG_WARN_INFINITE_RECURSION = YES;
				CLANG_WARN_INT_CONVERSION = YES;
				CLANG_WARN_NON_LITERAL_NULL_CONVERSION = YES;
				CLANG_WARN_OBJC_IMPLICIT_RETAIN_SELF = YES;
				CLANG_WARN_OBJC_LITERAL_CONVERSION = YES;
				CLANG_WARN_OBJC_ROOT_CLASS = YES_ERROR;
				CLANG_WARN_QUOTED_INCLUDE_IN_FRAMEWORK_HEADER = YES;
				CLANG_WARN_RANGE_LOOP_ANALYSIS = YES;
				CLANG_WARN_STRICT_PROTOTYPES = YES;
				CLANG_WARN_SUSPICIOUS_MOVE = YES;
				CLANG_WARN_UNGUARDED_AVAILABILITY = YES_AGGRESSIVE;
				CLANG_WARN_UNREACHABLE_CODE = YES;
				CLANG_WARN__DUPLICATE_METHOD_MATCH = YES;
				COPY_PHASE_STRIP = NO;
				DEBUG_INFORMATION_FORMAT = dwarf;
				ENABLE_STRICT_OBJC_MSGSEND = YES;
				ENABLE_TESTABILITY = YES;
				GCC_C_LANGUAGE_STANDARD = gnu11;
				GCC_DYNAMIC_NO_PIC = NO;
				GCC_NO_COMMON_BLOCKS = YES;
				GCC_OPTIMIZATION_LEVEL = 0;
				GCC_PREPROCESSOR_DEFINITIONS = (
					"DEBUG=1",
					"$(inherited)",
				);
				GCC_WARN_64_TO_32_BIT_CONVERSION = YES;
				GCC_WARN_ABOUT_RETURN_TYPE = YES_ERROR;
				GCC_WARN_UNDECLARED_SELECTOR = YES;
				GCC_WARN_UNINITIALIZED_AUTOS = YES_AGGRESSIVE;
				GCC_WARN_UNUSED_FUNCTION = YES;
				GCC_WARN_UNUSED_VARIABLE = YES;
				IPHONEOS_DEPLOYMENT_TARGET = 15.0;
				MTL_ENABLE_DEBUG_INFO = INCLUDE_SOURCE;
				MTL_FAST_MATH = YES;
				ONLY_ACTIVE_ARCH = YES;
				SDKROOT = iphoneos;
				SWIFT_ACTIVE_COMPILATION_CONDITIONS = DEBUG;
				SWIFT_OPTIMIZATION_LEVEL = "-Onone";
			};
			name = Debug;
		};
		BCA5E9762739A66A00A41E73 /* Release */ = {
			isa = XCBuildConfiguration;
			buildSettings = {
				ALWAYS_SEARCH_USER_PATHS = NO;
				CLANG_ANALYZER_NONNULL = YES;
				CLANG_ANALYZER_NUMBER_OBJECT_CONVERSION = YES_AGGRESSIVE;
				CLANG_CXX_LANGUAGE_STANDARD = "gnu++17";
				CLANG_CXX_LIBRARY = "libc++";
				CLANG_ENABLE_MODULES = YES;
				CLANG_ENABLE_OBJC_ARC = YES;
				CLANG_ENABLE_OBJC_WEAK = YES;
				CLANG_WARN_BLOCK_CAPTURE_AUTORELEASING = YES;
				CLANG_WARN_BOOL_CONVERSION = YES;
				CLANG_WARN_COMMA = YES;
				CLANG_WARN_CONSTANT_CONVERSION = YES;
				CLANG_WARN_DEPRECATED_OBJC_IMPLEMENTATIONS = YES;
				CLANG_WARN_DIRECT_OBJC_ISA_USAGE = YES_ERROR;
				CLANG_WARN_DOCUMENTATION_COMMENTS = YES;
				CLANG_WARN_EMPTY_BODY = YES;
				CLANG_WARN_ENUM_CONVERSION = YES;
				CLANG_WARN_INFINITE_RECURSION = YES;
				CLANG_WARN_INT_CONVERSION = YES;
				CLANG_WARN_NON_LITERAL_NULL_CONVERSION = YES;
				CLANG_WARN_OBJC_IMPLICIT_RETAIN_SELF = YES;
				CLANG_WARN_OBJC_LITERAL_CONVERSION = YES;
				CLANG_WARN_OBJC_ROOT_CLASS = YES_ERROR;
				CLANG_WARN_QUOTED_INCLUDE_IN_FRAMEWORK_HEADER = YES;
				CLANG_WARN_RANGE_LOOP_ANALYSIS = YES;
				CLANG_WARN_STRICT_PROTOTYPES = YES;
				CLANG_WARN_SUSPICIOUS_MOVE = YES;
				CLANG_WARN_UNGUARDED_AVAILABILITY = YES_AGGRESSIVE;
				CLANG_WARN_UNREACHABLE_CODE = YES;
				CLANG_WARN__DUPLICATE_METHOD_MATCH = YES;
				COPY_PHASE_STRIP = NO;
				DEBUG_INFORMATION_FORMAT = "dwarf-with-dsym";
				ENABLE_NS_ASSERTIONS = NO;
				ENABLE_STRICT_OBJC_MSGSEND = YES;
				GCC_C_LANGUAGE_STANDARD = gnu11;
				GCC_NO_COMMON_BLOCKS = YES;
				GCC_WARN_64_TO_32_BIT_CONVERSION = YES;
				GCC_WARN_ABOUT_RETURN_TYPE = YES_ERROR;
				GCC_WARN_UNDECLARED_SELECTOR = YES;
				GCC_WARN_UNINITIALIZED_AUTOS = YES_AGGRESSIVE;
				GCC_WARN_UNUSED_FUNCTION = YES;
				GCC_WARN_UNUSED_VARIABLE = YES;
				IPHONEOS_DEPLOYMENT_TARGET = 15.0;
				MTL_ENABLE_DEBUG_INFO = NO;
				MTL_FAST_MATH = YES;
				SDKROOT = iphoneos;
				SWIFT_COMPILATION_MODE = wholemodule;
				SWIFT_OPTIMIZATION_LEVEL = "-O";
				VALIDATE_PRODUCT = YES;
			};
			name = Release;
		};
		BCA5E9782739A66A00A41E73 /* Debug */ = {
			isa = XCBuildConfiguration;
			buildSettings = {
				ALWAYS_EMBED_SWIFT_STANDARD_LIBRARIES = YES;
				ASSETCATALOG_COMPILER_APPICON_NAME = AppIcon;
				ASSETCATALOG_COMPILER_GLOBAL_ACCENT_COLOR_NAME = AccentColor;
				CODE_SIGN_STYLE = Automatic;
				CURRENT_PROJECT_VERSION = 1;
				DEVELOPMENT_ASSET_PATHS = "\"Events/Preview Content\"";
				DEVELOPMENT_TEAM = "";
				ENABLE_PREVIEWS = YES;
				GENERATE_INFOPLIST_FILE = YES;
				INFOPLIST_KEY_UIApplicationSceneManifest_Generation = YES;
				INFOPLIST_KEY_UIApplicationSupportsIndirectInputEvents = YES;
				INFOPLIST_KEY_UILaunchScreen_Generation = YES;
				INFOPLIST_KEY_UISupportedInterfaceOrientations_iPad = "UIInterfaceOrientationPortrait UIInterfaceOrientationPortraitUpsideDown UIInterfaceOrientationLandscapeLeft UIInterfaceOrientationLandscapeRight";
				INFOPLIST_KEY_UISupportedInterfaceOrientations_iPhone = "UIInterfaceOrientationPortrait UIInterfaceOrientationLandscapeLeft UIInterfaceOrientationLandscapeRight";
				IPHONEOS_DEPLOYMENT_TARGET = 14.6;
				LD_RUNPATH_SEARCH_PATHS = (
					"$(inherited)",
					"@executable_path/Frameworks",
				);
				MARKETING_VERSION = 1.0;
				PRODUCT_BUNDLE_IDENTIFIER = com.yourdomain.Events;
				PRODUCT_NAME = "$(TARGET_NAME)";
				SWIFT_EMIT_LOC_STRINGS = YES;
				SWIFT_VERSION = 5.0;
				TARGETED_DEVICE_FAMILY = "1,2";
			};
			name = Debug;
		};
		BCA5E9792739A66A00A41E73 /* Release */ = {
			isa = XCBuildConfiguration;
			buildSettings = {
				ALWAYS_EMBED_SWIFT_STANDARD_LIBRARIES = YES;
				ASSETCATALOG_COMPILER_APPICON_NAME = AppIcon;
				ASSETCATALOG_COMPILER_GLOBAL_ACCENT_COLOR_NAME = AccentColor;
				CODE_SIGN_STYLE = Automatic;
				CURRENT_PROJECT_VERSION = 1;
				DEVELOPMENT_ASSET_PATHS = "\"Events/Preview Content\"";
				DEVELOPMENT_TEAM = "";
				ENABLE_PREVIEWS = YES;
				GENERATE_INFOPLIST_FILE = YES;
				INFOPLIST_KEY_UIApplicationSceneManifest_Generation = YES;
				INFOPLIST_KEY_UIApplicationSupportsIndirectInputEvents = YES;
				INFOPLIST_KEY_UILaunchScreen_Generation = YES;
				INFOPLIST_KEY_UISupportedInterfaceOrientations_iPad = "UIInterfaceOrientationPortrait UIInterfaceOrientationPortraitUpsideDown UIInterfaceOrientationLandscapeLeft UIInterfaceOrientationLandscapeRight";
				INFOPLIST_KEY_UISupportedInterfaceOrientations_iPhone = "UIInterfaceOrientationPortrait UIInterfaceOrientationLandscapeLeft UIInterfaceOrientationLandscapeRight";
				IPHONEOS_DEPLOYMENT_TARGET = 14.6;
				LD_RUNPATH_SEARCH_PATHS = (
					"$(inherited)",
					"@executable_path/Frameworks",
				);
				MARKETING_VERSION = 1.0;
				PRODUCT_BUNDLE_IDENTIFIER = com.yourdomain.Events;
				PRODUCT_NAME = "$(TARGET_NAME)";
				SWIFT_EMIT_LOC_STRINGS = YES;
				SWIFT_VERSION = 5.0;
				TARGETED_DEVICE_FAMILY = "1,2";
			};
			name = Release;
		};
/* End XCBuildConfiguration section */

/* Begin XCConfigurationList section */
		BC842A562739E809000CD7E7 /* Build configuration list for PBXNativeTarget "EventTimesExtension" */ = {
			isa = XCConfigurationList;
			buildConfigurations = (
				BC842A572739E809000CD7E7 /* Debug */,
				BC842A582739E809000CD7E7 /* Release */,
			);
			defaultConfigurationIsVisible = 0;
			defaultConfigurationName = Release;
		};
		BCA5E9642739A66000A41E73 /* Build configuration list for PBXProject "Events" */ = {
			isa = XCConfigurationList;
			buildConfigurations = (
				BCA5E9752739A66A00A41E73 /* Debug */,
				BCA5E9762739A66A00A41E73 /* Release */,
			);
			defaultConfigurationIsVisible = 0;
			defaultConfigurationName = Release;
		};
		BCA5E9772739A66A00A41E73 /* Build configuration list for PBXNativeTarget "Events" */ = {
			isa = XCConfigurationList;
			buildConfigurations = (
				BCA5E9782739A66A00A41E73 /* Debug */,
				BCA5E9792739A66A00A41E73 /* Release */,
			);
			defaultConfigurationIsVisible = 0;
			defaultConfigurationName = Release;
		};
/* End XCConfigurationList section */
	};
	rootObject = BCA5E9612739A66000A41E73 /* Project object */;
}
